
Microsoft Visual Studio Solution File, Format Version 12.00
# Visual Studio Version 17
VisualStudioVersion = 17.9.34728.123
MinimumVisualStudioVersion = 10.0.40219.1
Project("{9A19103F-16F7-4668-BE54-9A1E7A4F7556}") = "WebAPI", "ReactNet.Server\WebAPI.csproj", "{89B701A8-AAE6-4038-9990-E6775754A62E}"
EndProject
Project("{9A19103F-16F7-4668-BE54-9A1E7A4F7556}") = "Application", "Application\Application.csproj", "{9DB9DA7D-F390-49A4-BB2B-587B3A11DAB1}"
EndProject
Project("{9A19103F-16F7-4668-BE54-9A1E7A4F7556}") = "Domain", "Domain\Domain.csproj", "{D27AD749-C4BA-478E-8512-7CC858D78C19}"
EndProject
Project("{9A19103F-16F7-4668-BE54-9A1E7A4F7556}") = "Infrastructure", "Infrastructure\Infrastructure.csproj", "{1A1333D2-64E5-443B-848F-7ACD1D40D953}"
EndProject
Global
	GlobalSection(SolutionConfigurationPlatforms) = preSolution
		Debug|Any CPU = Debug|Any CPU
		Release|Any CPU = Release|Any CPU
	EndGlobalSection
	GlobalSection(ProjectConfigurationPlatforms) = postSolution
		{89B701A8-AAE6-4038-9990-E6775754A62E}.Debug|Any CPU.ActiveCfg = Debug|Any CPU
		{89B701A8-AAE6-4038-9990-E6775754A62E}.Debug|Any CPU.Build.0 = Debug|Any CPU
		{89B701A8-AAE6-4038-9990-E6775754A62E}.Release|Any CPU.ActiveCfg = Release|Any CPU
		{89B701A8-AAE6-4038-9990-E6775754A62E}.Release|Any CPU.Build.0 = Release|Any CPU
		{9DB9DA7D-F390-49A4-BB2B-587B3A11DAB1}.Debug|Any CPU.ActiveCfg = Debug|Any CPU
		{9DB9DA7D-F390-49A4-BB2B-587B3A11DAB1}.Debug|Any CPU.Build.0 = Debug|Any CPU
		{9DB9DA7D-F390-49A4-BB2B-587B3A11DAB1}.Release|Any CPU.ActiveCfg = Release|Any CPU
		{9DB9DA7D-F390-49A4-BB2B-587B3A11DAB1}.Release|Any CPU.Build.0 = Release|Any CPU
		{D27AD749-C4BA-478E-8512-7CC858D78C19}.Debug|Any CPU.ActiveCfg = Debug|Any CPU
		{D27AD749-C4BA-478E-8512-7CC858D78C19}.Debug|Any CPU.Build.0 = Debug|Any CPU
		{D27AD749-C4BA-478E-8512-7CC858D78C19}.Release|Any CPU.ActiveCfg = Release|Any CPU
		{D27AD749-C4BA-478E-8512-7CC858D78C19}.Release|Any CPU.Build.0 = Release|Any CPU
		{1A1333D2-64E5-443B-848F-7ACD1D40D953}.Debug|Any CPU.ActiveCfg = Debug|Any CPU
		{1A1333D2-64E5-443B-848F-7ACD1D40D953}.Debug|Any CPU.Build.0 = Debug|Any CPU
		{1A1333D2-64E5-443B-848F-7ACD1D40D953}.Release|Any CPU.ActiveCfg = Release|Any CPU
		{1A1333D2-64E5-443B-848F-7ACD1D40D953}.Release|Any CPU.Build.0 = Release|Any CPU
		{384F8E04-A294-43B5-B145-026284393591}.Debug|Any CPU.ActiveCfg = Debug|Any CPU
		{384F8E04-A294-43B5-B145-026284393591}.Debug|Any CPU.Build.0 = Debug|Any CPU
		{384F8E04-A294-43B5-B145-026284393591}.Release|Any CPU.ActiveCfg = Release|Any CPU
		{384F8E04-A294-43B5-B145-026284393591}.Release|Any CPU.Build.0 = Release|Any CPU
	EndGlobalSection
	GlobalSection(SolutionProperties) = preSolution
		HideSolutionNode = FALSE
	EndGlobalSection
	GlobalSection(ExtensibilityGlobals) = postSolution
		SolutionGuid = {5F04AA67-3046-4530-A10B-07E236A964C4}
	EndGlobalSection
EndGlobal
